
Microsoft Visual Studio Solution File, Format Version 12.00
# Visual Studio Version 17
VisualStudioVersion = 17.3.32714.290
MinimumVisualStudioVersion = 10.0.40219.1
Project("{9A19103F-16F7-4668-BE54-9A1E7A4F7556}") = "TXM", "TXM\TXM.csproj", "{2C8426CB-4EA4-49A8-AECE-0B196B5BE5EE}"
EndProject
Project("{9A19103F-16F7-4668-BE54-9A1E7A4F7556}") = "TXM.Core", "TXM.Core\TXM.Core.csproj", "{61B5E2D8-458F-42BF-AEDB-FA28F51CC3A6}"
EndProject
Project("{FAE04EC0-301F-11D3-BF4B-00C04F79EFBC}") = "TXM.Win", "TXM.Win\TXM.Win.csproj", "{AA0BD803-F02A-4492-9EAF-827E90003389}"
EndProject
Global
	GlobalSection(SolutionConfigurationPlatforms) = preSolution
		Debug|Any CPU = Debug|Any CPU
		Release|Any CPU = Release|Any CPU
	EndGlobalSection
	GlobalSection(ProjectConfigurationPlatforms) = postSolution
		{2C8426CB-4EA4-49A8-AECE-0B196B5BE5EE}.Debug|Any CPU.ActiveCfg = Debug|Any CPU
		{2C8426CB-4EA4-49A8-AECE-0B196B5BE5EE}.Debug|Any CPU.Build.0 = Debug|Any CPU
		{2C8426CB-4EA4-49A8-AECE-0B196B5BE5EE}.Release|Any CPU.ActiveCfg = Release|Any CPU
		{2C8426CB-4EA4-49A8-AECE-0B196B5BE5EE}.Release|Any CPU.Build.0 = Release|Any CPU
		{61B5E2D8-458F-42BF-AEDB-FA28F51CC3A6}.Debug|Any CPU.ActiveCfg = Debug|Any CPU
		{61B5E2D8-458F-42BF-AEDB-FA28F51CC3A6}.Debug|Any CPU.Build.0 = Debug|Any CPU
		{61B5E2D8-458F-42BF-AEDB-FA28F51CC3A6}.Release|Any CPU.ActiveCfg = Release|Any CPU
		{61B5E2D8-458F-42BF-AEDB-FA28F51CC3A6}.Release|Any CPU.Build.0 = Release|Any CPU
		{AA0BD803-F02A-4492-9EAF-827E90003389}.Debug|Any CPU.ActiveCfg = Debug|Any CPU
		{AA0BD803-F02A-4492-9EAF-827E90003389}.Debug|Any CPU.Build.0 = Debug|Any CPU
		{AA0BD803-F02A-4492-9EAF-827E90003389}.Release|Any CPU.ActiveCfg = Release|Any CPU
		{AA0BD803-F02A-4492-9EAF-827E90003389}.Release|Any CPU.Build.0 = Release|Any CPU
	EndGlobalSection
	GlobalSection(SolutionProperties) = preSolution
		HideSolutionNode = FALSE
	EndGlobalSection
	GlobalSection(ExtensibilityGlobals) = postSolution
		SolutionGuid = {D6E715E5-4568-4BC8-A228-2B4BDA627A3F}
	EndGlobalSection
EndGlobal
